
Microsoft Visual Studio Solution File, Format Version 12.00
# Visual Studio Version 16
VisualStudioVersion = 25.0.1706.4
MinimumVisualStudioVersion = 10.0.40219.1
Project("{FAE04EC0-301F-11D3-BF4B-00C04F79EFBC}") = "Game", "სავარჯიშო\Game.csproj", "{3E7D3CD0-208D-47CE-A271-DBE3814327D9}"
EndProject
Global
	GlobalSection(SolutionConfigurationPlatforms) = preSolution
		Debug|Any CPU = Debug|Any CPU
		Release|Any CPU = Release|Any CPU
	EndGlobalSection
	GlobalSection(ProjectConfigurationPlatforms) = postSolution
		{3E7D3CD0-208D-47CE-A271-DBE3814327D9}.Debug|Any CPU.ActiveCfg = Debug|Any CPU
		{3E7D3CD0-208D-47CE-A271-DBE3814327D9}.Debug|Any CPU.Build.0 = Debug|Any CPU
		{3E7D3CD0-208D-47CE-A271-DBE3814327D9}.Release|Any CPU.ActiveCfg = Release|Any CPU
		{3E7D3CD0-208D-47CE-A271-DBE3814327D9}.Release|Any CPU.Build.0 = Release|Any CPU
	EndGlobalSection
	GlobalSection(SolutionProperties) = preSolution
		HideSolutionNode = FALSE
	EndGlobalSection
	GlobalSection(ExtensibilityGlobals) = postSolution
		SolutionGuid = {D63331BA-6085-4B6E-836E-CAD86A979219}
	EndGlobalSection
EndGlobal
